
Microsoft Visual Studio Solution File, Format Version 12.00
# Visual Studio Version 16
VisualStudioVersion = 16.0.31129.286
MinimumVisualStudioVersion = 10.0.40219.1
Project("{8BC9CEB8-8B4A-11D0-8D11-00A0C91BC942}") = "Test_GL_WGL_IMGUI_Bullet", "Test_GL_WGL_IMGUI_Bullet\Test_GL_WGL_IMGUI_Bullet.vcxproj", "{9C5E8D55-FE4A-4E2F-9BA1-7D893A8245E9}"
EndProject
Global
	GlobalSection(SolutionConfigurationPlatforms) = preSolution
		Debug_DLL|x64 = Debug_DLL|x64
		Debug_DLL|x86 = Debug_DLL|x86
		Debug|x64 = Debug|x64
		Debug|x86 = Debug|x86
		Release_DLL|x64 = Release_DLL|x64
		Release_DLL|x86 = Release_DLL|x86
		Release|x64 = Release|x64
		Release|x86 = Release|x86
	EndGlobalSection
	GlobalSection(ProjectConfigurationPlatforms) = postSolution
		{9C5E8D55-FE4A-4E2F-9BA1-7D893A8245E9}.Debug_DLL|x64.ActiveCfg = Debug_DLL|x64
		{9C5E8D55-FE4A-4E2F-9BA1-7D893A8245E9}.Debug_DLL|x64.Build.0 = Debug_DLL|x64
		{9C5E8D55-FE4A-4E2F-9BA1-7D893A8245E9}.Debug_DLL|x86.ActiveCfg = Debug_DLL|Win32
		{9C5E8D55-FE4A-4E2F-9BA1-7D893A8245E9}.Debug_DLL|x86.Build.0 = Debug_DLL|Win32
		{9C5E8D55-FE4A-4E2F-9BA1-7D893A8245E9}.Debug|x64.ActiveCfg = Debug|x64
		{9C5E8D55-FE4A-4E2F-9BA1-7D893A8245E9}.Debug|x64.Build.0 = Debug|x64
		{9C5E8D55-FE4A-4E2F-9BA1-7D893A8245E9}.Debug|x86.ActiveCfg = Debug|Win32
		{9C5E8D55-FE4A-4E2F-9BA1-7D893A8245E9}.Debug|x86.Build.0 = Debug|Win32
		{9C5E8D55-FE4A-4E2F-9BA1-7D893A8245E9}.Release_DLL|x64.ActiveCfg = Release_DLL|x64
		{9C5E8D55-FE4A-4E2F-9BA1-7D893A8245E9}.Release_DLL|x64.Build.0 = Release_DLL|x64
		{9C5E8D55-FE4A-4E2F-9BA1-7D893A8245E9}.Release_DLL|x86.ActiveCfg = Release_DLL|Win32
		{9C5E8D55-FE4A-4E2F-9BA1-7D893A8245E9}.Release_DLL|x86.Build.0 = Release_DLL|Win32
		{9C5E8D55-FE4A-4E2F-9BA1-7D893A8245E9}.Release|x64.ActiveCfg = Release|x64
		{9C5E8D55-FE4A-4E2F-9BA1-7D893A8245E9}.Release|x64.Build.0 = Release|x64
		{9C5E8D55-FE4A-4E2F-9BA1-7D893A8245E9}.Release|x86.ActiveCfg = Release|Win32
		{9C5E8D55-FE4A-4E2F-9BA1-7D893A8245E9}.Release|x86.Build.0 = Release|Win32
	EndGlobalSection
	GlobalSection(SolutionProperties) = preSolution
		HideSolutionNode = FALSE
	EndGlobalSection
	GlobalSection(ExtensibilityGlobals) = postSolution
		SolutionGuid = {3800D7EC-FD85-4887-9A4E-EECB0C047C58}
	EndGlobalSection
EndGlobal
