<?xml version="1.0" encoding="utf-8"?>
<Project ToolsVersion="4.0" xmlns="http://schemas.microsoft.com/developer/msbuild/2003">
  <ItemGroup>
    <Filter Include="Arquivos de Origem">
      <UniqueIdentifier>{4FC737F1-C7A5-4376-A066-2A32D752A2FF}</UniqueIdentifier>
      <Extensions>cpp;c;cc;cxx;c++;cppm;ixx;def;odl;idl;hpj;bat;asm;asmx</Extensions>
    </Filter>
    <Filter Include="Arquivos de Cabeçalho">
      <UniqueIdentifier>{93995380-89BD-4b04-88EB-625FBE52EBFB}</UniqueIdentifier>
      <Extensions>h;hh;hpp;hxx;h++;hm;inl;inc;ipp;xsd</Extensions>
    </Filter>
    <Filter Include="Arquivos de Recurso">
      <UniqueIdentifier>{67DA6AB6-F800-4c08-8B7A-83BB121AAD01}</UniqueIdentifier>
      <Extensions>rc;ico;cur;bmp;dlg;rc2;rct;bin;rgs;gif;jpg;jpeg;jpe;resx;tiff;tif;png;wav;mfcribbon-ms</Extensions>
    </Filter>
    <Filter Include="Arquivos de Cabeçalho\glfw">
      <UniqueIdentifier>{6c90d5bf-4dfa-4459-aafe-8bbb60d2f31d}</UniqueIdentifier>
    </Filter>
    <Filter Include="Arquivos de Origem\glfw">
      <UniqueIdentifier>{8bf989db-7776-4f1b-a0dc-c3239a7312dd}</UniqueIdentifier>
    </Filter>
  </ItemGroup>
  <ItemGroup>
    <ClInclude Include="pch.h">
      <Filter>Arquivos de Cabeçalho</Filter>
    </ClInclude>
    <ClInclude Include="src\egl_context.h">
      <Filter>Arquivos de Cabeçalho\glfw</Filter>
    </ClInclude>
    <ClInclude Include="src\glfw_config.h">
      <Filter>Arquivos de Cabeçalho\glfw</Filter>
    </ClInclude>
    <ClInclude Include="include\GLFW\glfw3.h">
      <Filter>Arquivos de Cabeçalho\glfw</Filter>
    </ClInclude>
    <ClInclude Include="include\GLFW\glfw3native.h">
      <Filter>Arquivos de Cabeçalho\glfw</Filter>
    </ClInclude>
    <ClInclude Include="src\internal.h">
      <Filter>Arquivos de Cabeçalho\glfw</Filter>
    </ClInclude>
    <ClInclude Include="src\mappings.h">
      <Filter>Arquivos de Cabeçalho\glfw</Filter>
    </ClInclude>
    <ClInclude Include="src\osmesa_context.h">
      <Filter>Arquivos de Cabeçalho\glfw</Filter>
    </ClInclude>
    <ClInclude Include="src\wgl_context.h">
      <Filter>Arquivos de Cabeçalho\glfw</Filter>
    </ClInclude>
    <ClInclude Include="src\win32_joystick.h">
      <Filter>Arquivos de Cabeçalho\glfw</Filter>
    </ClInclude>
    <ClInclude Include="src\win32_platform.h">
      <Filter>Arquivos de Cabeçalho\glfw</Filter>
    </ClInclude>
    <ClInclude Include="src\wl_platform.h">
      <Filter>Arquivos de Cabeçalho\glfw</Filter>
    </ClInclude>
  </ItemGroup>
  <ItemGroup>
    <ClCompile Include="pch.cpp">
      <Filter>Arquivos de Origem</Filter>
    </ClCompile>
    <ClCompile Include="src\context.c">
      <Filter>Arquivos de Origem\glfw</Filter>
    </ClCompile>
    <ClCompile Include="src\egl_context.c">
      <Filter>Arquivos de Origem\glfw</Filter>
    </ClCompile>
    <ClCompile Include="src\init.c">
      <Filter>Arquivos de Origem\glfw</Filter>
    </ClCompile>
    <ClCompile Include="src\input.c">
      <Filter>Arquivos de Origem\glfw</Filter>
    </ClCompile>
    <ClCompile Include="src\monitor.c">
      <Filter>Arquivos de Origem\glfw</Filter>
    </ClCompile>
    <ClCompile Include="src\osmesa_context.c">
      <Filter>Arquivos de Origem\glfw</Filter>
    </ClCompile>
    <ClCompile Include="src\vulkan.c">
      <Filter>Arquivos de Origem\glfw</Filter>
    </ClCompile>
    <ClCompile Include="src\wgl_context.c">
      <Filter>Arquivos de Origem\glfw</Filter>
    </ClCompile>
    <ClCompile Include="src\win32_init.c">
      <Filter>Arquivos de Origem\glfw</Filter>
    </ClCompile>
    <ClCompile Include="src\win32_joystick.c">
      <Filter>Arquivos de Origem\glfw</Filter>
    </ClCompile>
    <ClCompile Include="src\win32_monitor.c">
      <Filter>Arquivos de Origem\glfw</Filter>
    </ClCompile>
    <ClCompile Include="src\win32_thread.c">
      <Filter>Arquivos de Origem\glfw</Filter>
    </ClCompile>
    <ClCompile Include="src\win32_time.c">
      <Filter>Arquivos de Origem\glfw</Filter>
    </ClCompile>
    <ClCompile Include="src\win32_window.c">
      <Filter>Arquivos de Origem\glfw</Filter>
    </ClCompile>
    <ClCompile Include="src\window.c">
      <Filter>Arquivos de Origem\glfw</Filter>
    </ClCompile>
  </ItemGroup>
</Project>